github.com/HugoBlox/hugo-blox-builder/modules/blox-analytics v0.1.2 h1:MUy48hWGsmL9bo3KpEKXIcNE8ajo6RuMmR7PnICLRDo=
github.com/HugoBlox/hugo-blox-builder/modules/blox-analytics v0.1.2/go.mod h1:0YQtVvRLCzZOpPmbVNk7WDx8t19/QfRTFO+pwyqQNk8=
github.com/HugoBlox/hugo-blox-builder/modules/blox-plugin-netlify v1.1.2-0.20231209203044-d31adfedd40b h1:rAluI3a9m5ZoJY5xTF7YcgA4YTJLsvPTEh6sVQhPb+o=
github.com/HugoBlox/hugo-blox-builder/modules/blox-plugin-netlify v1.1.2-0.20231209203044-d31adfedd40b/go.mod h1:C7jfxMLv1bEUqbM9XDSmEpfOpS8w06OgqNDEcbuRgL4=
github.com/HugoBlox/hugo-blox-builder/modules/blox-plugin-netlify v1.1.2-0.20240519164611-322b500bd237 h1:VhcMwmht6yY5e9GQy2ZWGlkDXyGiALsSziAgoDLzURo=
github.com/HugoBlox/hugo-blox-builder/modules/blox-plugin-netlify v1.1.2-0.20240519164611-322b500bd237/go.mod h1:C7jfxMLv1bEUqbM9XDSmEpfOpS8w06OgqNDEcbuRgL4=
github.com/HugoBlox/hugo-blox-builder/modules/blox-tailwind v0.2.1-0.20240519161223-50c6efcd67ff h1:xzOEmtQHvj9E2v98PkoblqREpzlP0d9dz5g6ax1sscA=
github.com/HugoBlox/hugo-blox-builder/modules/blox-tailwind v0.2.1-0.20240519161223-50c6efcd67ff/go.mod h1:+qBbqXbKT7M2nOeHQa5OrRXwQKpEx1RXpMGirHbT7HU=
github.com/HugoBlox/hugo-blox-builder/modules/blox-tailwind v0.2.1-0.20240519164611-322b500bd237 h1:AzLJtwuL9qVP+ifn3lPwPNblx1ty6t7DbaUlu5L3grI=
github.com/HugoBlox/hugo-blox-builder/modules/blox-tailwind v0.2.1-0.20240519164611-322b500bd237/go.mod h1:+qBbqXbKT7M2nOeHQa5OrRXwQKpEx1RXpMGirHbT7HU=
